
Microsoft Visual Studio Solution File, Format Version 12.00
# Visual Studio Version 16
VisualStudioVersion = 16.0.30011.22
MinimumVisualStudioVersion = 10.0.40219.1
Project("{FAE04EC0-301F-11D3-BF4B-00C04F79EFBC}") = "BTL_CNPM", "BTL_CNPM.csproj", "{94142C5D-4CB2-4F94-86D7-104927A1CAC3}"
EndProject
Global
	GlobalSection(SolutionConfigurationPlatforms) = preSolution
		Debug|Any CPU = Debug|Any CPU
		Release|Any CPU = Release|Any CPU
	EndGlobalSection
	GlobalSection(ProjectConfigurationPlatforms) = postSolution
		{94142C5D-4CB2-4F94-86D7-104927A1CAC3}.Debug|Any CPU.ActiveCfg = Debug|Any CPU
		{94142C5D-4CB2-4F94-86D7-104927A1CAC3}.Debug|Any CPU.Build.0 = Debug|Any CPU
		{94142C5D-4CB2-4F94-86D7-104927A1CAC3}.Release|Any CPU.ActiveCfg = Release|Any CPU
		{94142C5D-4CB2-4F94-86D7-104927A1CAC3}.Release|Any CPU.Build.0 = Release|Any CPU
	EndGlobalSection
	GlobalSection(SolutionProperties) = preSolution
		HideSolutionNode = FALSE
	EndGlobalSection
	GlobalSection(ExtensibilityGlobals) = postSolution
		SolutionGuid = {8B2143D6-1258-40C4-B8CA-6B6888AC635D}
	EndGlobalSection
EndGlobal
